
Microsoft Visual Studio Solution File, Format Version 12.00
# Visual Studio Version 16
VisualStudioVersion = 16.0.30225.117
MinimumVisualStudioVersion = 10.0.40219.1
Project("{FAE04EC0-301F-11D3-BF4B-00C04F79EFBC}") = "superheroic", "superheroic\superheroic.csproj", "{AEB15EBF-F6C7-46A0-97C3-E0A502CC878A}"
EndProject
Global
	GlobalSection(SolutionConfigurationPlatforms) = preSolution
		Debug|Any CPU = Debug|Any CPU
		Release|Any CPU = Release|Any CPU
	EndGlobalSection
	GlobalSection(ProjectConfigurationPlatforms) = postSolution
		{AEB15EBF-F6C7-46A0-97C3-E0A502CC878A}.Debug|Any CPU.ActiveCfg = Debug|Any CPU
		{AEB15EBF-F6C7-46A0-97C3-E0A502CC878A}.Debug|Any CPU.Build.0 = Debug|Any CPU
		{AEB15EBF-F6C7-46A0-97C3-E0A502CC878A}.Release|Any CPU.ActiveCfg = Release|Any CPU
		{AEB15EBF-F6C7-46A0-97C3-E0A502CC878A}.Release|Any CPU.Build.0 = Release|Any CPU
	EndGlobalSection
	GlobalSection(SolutionProperties) = preSolution
		HideSolutionNode = FALSE
	EndGlobalSection
	GlobalSection(ExtensibilityGlobals) = postSolution
		SolutionGuid = {BB8B8782-C4FC-4C5A-9360-339D0D469AB8}
	EndGlobalSection
EndGlobal
